
Microsoft Visual Studio Solution File, Format Version 12.00
# Visual Studio Version 17
VisualStudioVersion = 17.14.36623.8
MinimumVisualStudioVersion = 10.0.40219.1
Project("{FAE04EC0-301F-11D3-BF4B-00C04F79EFBC}") = "Hi", "Hi\Hi.csproj", "{418E7AE9-BD0F-4BFA-ABEA-B388EA2AF7BE}"
EndProject
Global
	GlobalSection(SolutionConfigurationPlatforms) = preSolution
		Debug|Any CPU = Debug|Any CPU
		Release|Any CPU = Release|Any CPU
	EndGlobalSection
	GlobalSection(ProjectConfigurationPlatforms) = postSolution
		{418E7AE9-BD0F-4BFA-ABEA-B388EA2AF7BE}.Debug|Any CPU.ActiveCfg = Debug|Any CPU
		{418E7AE9-BD0F-4BFA-ABEA-B388EA2AF7BE}.Debug|Any CPU.Build.0 = Debug|Any CPU
		{418E7AE9-BD0F-4BFA-ABEA-B388EA2AF7BE}.Release|Any CPU.ActiveCfg = Release|Any CPU
		{418E7AE9-BD0F-4BFA-ABEA-B388EA2AF7BE}.Release|Any CPU.Build.0 = Release|Any CPU
	EndGlobalSection
	GlobalSection(SolutionProperties) = preSolution
		HideSolutionNode = FALSE
	EndGlobalSection
	GlobalSection(ExtensibilityGlobals) = postSolution
		SolutionGuid = {2A823DEF-71BE-4011-8B82-F31B504E7EE7}
	EndGlobalSection
EndGlobal
